
Microsoft Visual Studio Solution File, Format Version 12.00
# Visual Studio Version 17
VisualStudioVersion = 17.2.32519.379
MinimumVisualStudioVersion = 10.0.40219.1
Project("{FAE04EC0-301F-11D3-BF4B-00C04F79EFBC}") = "entra21-trabalho-03", "entra21-trabalho-03\entra21-trabalho-03.csproj", "{672A6918-AA07-4AC8-90AA-75C2CC79B201}"
EndProject
Global
	GlobalSection(SolutionConfigurationPlatforms) = preSolution
		Debug|Any CPU = Debug|Any CPU
		Release|Any CPU = Release|Any CPU
	EndGlobalSection
	GlobalSection(ProjectConfigurationPlatforms) = postSolution
		{672A6918-AA07-4AC8-90AA-75C2CC79B201}.Debug|Any CPU.ActiveCfg = Debug|Any CPU
		{672A6918-AA07-4AC8-90AA-75C2CC79B201}.Debug|Any CPU.Build.0 = Debug|Any CPU
		{672A6918-AA07-4AC8-90AA-75C2CC79B201}.Release|Any CPU.ActiveCfg = Release|Any CPU
		{672A6918-AA07-4AC8-90AA-75C2CC79B201}.Release|Any CPU.Build.0 = Release|Any CPU
	EndGlobalSection
	GlobalSection(SolutionProperties) = preSolution
		HideSolutionNode = FALSE
	EndGlobalSection
	GlobalSection(ExtensibilityGlobals) = postSolution
		SolutionGuid = {63A91A54-F2F4-464D-BB03-B4A94740C035}
	EndGlobalSection
EndGlobal
